PODS:
  - SwiftSiriWaveformView (2.3.0)

DEPENDENCIES:
  - SwiftSiriWaveformView (from `../`)

EXTERNAL SOURCES:
  SwiftSiriWaveformView:
    :path: "../"

SPEC CHECKSUMS:
  SwiftSiriWaveformView: d8e5c3a5198fac98e6cdd93b1f375c015f890d6e

PODFILE CHECKSUM: 3f78bff4054573773476037c70cdef1da0230ec0

COCOAPODS: 1.8.0
